github.com/davecgh/go-spew v1.1.0 h1:ZDRjVQ15GmhC3fiQ8ni8+OwkZQO4DARzQgrnXU1Liz8=
github.com/davecgh/go-spew v1.1.0/go.mod h1:J7Y8YcW2NihsgmVo/mv3lAwl/skON4iLHjSsI+c5H38=
github.com/juju/clock v0.0.0-20180524022203-d293bb356ca4/go.mod h1:nD0vlnrUjcjJhqN5WuCWZyzfd5AHZAC9/ajvbSx69xA=
github.com/juju/errors v0.0.0-20150916125642-1b5e39b83d18/go.mod h1:W54LbzXuIE0boCoNJfwqpmkKJ1O4TCTZMetAt6jGk7Q=
github.com/juju/errors v0.0.0-20200330140219-3fe23663418f h1:MCOvExGLpaSIzLYB4iQXEHP4jYVU6vmzLNQPdMVrxnM=
github.com/juju/errors v0.0.0-20200330140219-3fe23663418f/go.mod h1:W54LbzXuIE0boCoNJfwqpmkKJ1O4TCTZMetAt6jGk7Q=
github.com/juju/loggo v0.0.0-20170605014607-8232ab8918d9 h1:Y+lzErDTURqeXqlqYi4YBYbDd7ycU74gW1ADt57/bgY=
github.com/juju/loggo v0.0.0-20170605014607-8232ab8918d9/go.mod h1:vgyd7OREkbtVEN/8IXZe5Ooef3LQePvuBm9UWj6ZL8U=
github.com/juju/retry v0.0.0-20160928201858-1998d01ba1c3/go.mod h1:OohPQGsr4pnxwD5YljhQ+TZnuVRYpa5irjugL1Yuif4=
github.com/juju/testing v0.0.0-20200510222523-6c8c298c77a0 h1:+WWUkhnTjV6RNOxkcwk79qrjeyHEHvBzlneueBsatX4=
github.com/juju/testing v0.0.0-20200510222523-6c8c298c77a0/go.mod h1:hpGvhGHPVbNBraRLZEhoQwFLMrjK8PSlO4D3nDjKYXo=
github.com/juju/utils v0.0.0-20180808125547-9dfc6dbfb02b/go.mod h1:6/KLg8Wz/y2KVGWEpkK9vMNGkOnu4k/cqs8Z1fKjTOk=
github.com/juju/version v0.0.0-20161031051906-1f41e27e54f2/go.mod h1:kE8gK5X0CImdr7qpSKl3xB2PmpySSmfj7zVbkZFs81U=
github.com/pmezard/go-difflib v1.0.0 h1:4DBwDE0NGyQoBHbLQYPwSUPoCMWR5BEzIk/f1lZbAQM=
github.com/pmezard/go-difflib v1.0.0/go.mod h1:iKH77koFhYxTK1pcRnkKkqfTogsbg7gZNVY4sRDYZ/4=
github.com/stretchr/objx v0.1.0 h1:4G4v2dO3VZwixGIRoQ5Lfboy6nUhCyYzaqnIAPPhYs4=
github.com/stretchr/objx v0.1.0/go.mod h1:HFkY916IF+rwdDfMAkV7OtwuqBVzrE8GR6GFx+wExME=
github.com/stretchr/testify v1.6.1 h1:hDPOHmpOpP40lSULcqw7IrRb/u7w6RpDC9399XyoNd0=
github.com/stretchr/testify v1.6.1/go.mod h1:6Fq8oRcR53rry900zMqJjRRixrwX3KX962/h/Wwjteg=
github.com/vishvananda/netlink v1.1.1-0.20200218174631-5f2fc868c2d0 h1:GNKyqfdQI0/lEYv+VHIzsECySOY+EDjT22Dl49OyGNA=
github.com/vishvananda/netlink v1.1.1-0.20200218174631-5f2fc868c2d0/go.mod h1:FSQhuTO7eHT34mPzX+B04SUAjiqLxtXs1et0S6l9k4k=
github.com/vishvananda/netns v0.0.0-20191106174202-0a2b9b5464df h1:OviZH7qLw/7ZovXvuNyL3XQl8UFofeikI1NW1Gypu7k=
github.com/vishvananda/netns v0.0.0-20191106174202-0a2b9b5464df/go.mod h1:JP3t17pCcGlemwknint6hfoeCVQrEMVwxRLRjXpq+BU=
github.com/vishvananda/netns v0.0.0-20200520041808-52d707b772fe h1:mjAZxE1nh8yvuwhGHpdDqdhtNu2dgbpk93TwoXuk5so=
github.com/vishvananda/netns v0.0.0-20200520041808-52d707b772fe/go.mod h1:DD4vA1DwXk04H54A1oHXtwZmA0grkVMdPxx/VGLCah0=
golang.org/x/crypto v0.0.0-20180214000028-650f4a345ab4/go.mod h1:6SG95UA2DQfeDnfUPMdvaQW0Q7yPrPDi9nlGo2tz2b4=
golang.org/x/net v0.0.0-20180406214816-61147c48b25b/go.mod h1:mL1N/T3taQHkDXs73rZJwtUhF3w3ftmwwsq0BUmARs4=
golang.org/x/sys v0.0.0-20200121082415-34d275377bf9/go.mod h1:h1NjWce9XRLGQEsW7wpKNCjG9DtNlClVuFLEZdDNbEs=
golang.org/x/sys v0.0.0-20200217220822-9197077df867/go.mod h1:h1NjWce9XRLGQEsW7wpKNCjG9DtNlClVuFLEZdDNbEs=
golang.org/x/sys v0.0.0-20200722175500-76b94024e4b6 h1:X9xIZ1YU8bLZA3l6gqDUHSFiD0GFI9S548h6C8nDtOY=
golang.org/x/sys v0.0.0-20200722175500-76b94024e4b6/go.mod h1:h1NjWce9XRLGQEsW7wpKNCjG9DtNlClVuFLEZdDNbEs=
gopkg.in/check.v1 v0.0.0-20161208181325-20d25e280405 h1:yhCVgyC4o1eVCa2tZl7eS0r+SDo693bJlVdllGtEeKM=
gopkg.in/check.v1 v0.0.0-20161208181325-20d25e280405/go.mod h1:Co6ibVJAznAaIkqp8huTwlJQCZ016jof/cbN4VW5Yz0=
gopkg.in/check.v1 v1.0.0-20160105164936-4f90aeace3a2 h1:+j1SppRob9bAgoYmsdW9NNBdKZfgYuWpqnYHv78Qt8w=
gopkg.in/check.v1 v1.0.0-20160105164936-4f90aeace3a2/go.mod h1:Co6ibVJAznAaIkqp8huTwlJQCZ016jof/cbN4VW5Yz0=
gopkg.in/mgo.v2 v2.0.0-20160818015218-f2b6f6c918c4 h1:hILp2hNrRnYjZpmIbx70psAHbBSEcQ1NIzDcUbJ1b6g=
gopkg.in/mgo.v2 v2.0.0-20160818015218-f2b6f6c918c4/go.mod h1:yeKp02qBN3iKW1OzL3MGk2IdtZzaj7SFntXj72NppTA=
gopkg.in/yaml.v2 v2.0.0-20170712054546-1be3d31502d6 h1:CvAnnm1XvMjfib69SZzDwgWfOk+PxYz0hA0HBupilBA=
gopkg.in/yaml.v2 v2.0.0-20170712054546-1be3d31502d6/go.mod h1:JAlM8MvJe8wmxCU4Bli9HhUf9+ttbYbLASfIpnQbh74=
gopkg.in/yaml.v3 v3.0.0-20200313102051-9f266ea9e77c h1:dUUwHk2QECo/6vqA44rthZ8ie2QXMNeKRTHCNY2nXvo=
gopkg.in/yaml.v3 v3.0.0-20200313102051-9f266ea9e77c/go.mod h1:K4uyk7z7BCEPqu6E+C64Yfv1cQ7kz7rIZviUmN+EgEM=
